<?xml version="1.0" encoding="utf-8"?>
<Project ToolsVersion="4.0" xmlns="http://schemas.microsoft.com/developer/msbuild/2003">
  <ItemGroup>
    <Filter Include="Source Files">
      <UniqueIdentifier>{4FC737F1-C7A5-4376-A066-2A32D752A2FF}</UniqueIdentifier>
      <Extensions>cpp;c;cc;cxx;c++;cppm;ixx;def;odl;idl;hpj;bat;asm;asmx</Extensions>
    </Filter>
    <Filter Include="Header Files">
      <UniqueIdentifier>{93995380-89BD-4b04-88EB-625FBE52EBFB}</UniqueIdentifier>
      <Extensions>h;hh;hpp;hxx;h++;hm;inl;inc;ipp;xsd</Extensions>
    </Filter>
    <Filter Include="Resource Files">
      <UniqueIdentifier>{67DA6AB6-F800-4c08-8B7A-83BB121AAD01}</UniqueIdentifier>
      <Extensions>rc;ico;cur;bmp;dlg;rc2;rct;bin;rgs;gif;jpg;jpeg;jpe;resx;tiff;tif;png;wav;mfcribbon-ms;json</Extensions>
    </Filter>
  </ItemGroup>
  <ItemGroup>
    <ClCompile Include="controller_device_driver.cpp">
      <Filter>Source Files</Filter>
    </ClCompile>
    <ClCompile Include="device_provider.cpp">
      <Filter>Source Files</Filter>
    </ClCompile>
    <ClCompile Include="driverlog.cpp">
      <Filter>Source Files</Filter>
    </ClCompile>
    <ClCompile Include="hmd_driver_factory.cpp">
      <Filter>Source Files</Filter>
    </ClCompile>
    <ClCompile Include="bb_controller.cpp">
      <Filter>Source Files</Filter>
    </ClCompile>
  </ItemGroup>
  <ItemGroup>
    <ClInclude Include="controller_device_driver.h">
      <Filter>Header Files</Filter>
    </ClInclude>
    <ClInclude Include="device_provider.h">
      <Filter>Header Files</Filter>
    </ClInclude>
    <ClInclude Include="driverlog.h">
      <Filter>Header Files</Filter>
    </ClInclude>
    <ClInclude Include="include\openvr.h">
      <Filter>Header Files</Filter>
    </ClInclude>
    <ClInclude Include="include\openvr_capi.h">
      <Filter>Header Files</Filter>
    </ClInclude>
    <ClInclude Include="include\openvr_driver.h">
      <Filter>Header Files</Filter>
    </ClInclude>
    <ClInclude Include="include\hidapi_winapi.h">
      <Filter>Header Files</Filter>
    </ClInclude>
    <ClInclude Include="include\hidapi.h">
      <Filter>Header Files</Filter>
    </ClInclude>
    <ClInclude Include="bb_controller.h">
      <Filter>Header Files</Filter>
    </ClInclude>
  </ItemGroup>
  <ItemGroup>
    <None Include="include\openvr_api.json">
      <Filter>Resource Files</Filter>
    </None>
    <None Include="include\openvr_api.cs" />
    <None Include="lib\win64\hidapi.dll" />
    <None Include="lib\win64\hidapi.pdb" />
  </ItemGroup>
  <ItemGroup>
    <Library Include="lib\win64\hidapi.lib" />
    <Library Include="lib\win64\openvr_api.lib" />
  </ItemGroup>
</Project>